// !$*UTF8*$!
{
	archiveVersion = 1;
	classes = {
	};
	objectVersion = 50;
	objects = {

/* Begin PBXBuildFile section */
		1099759424B4A1D2009965E4 /* ToDoCell.swift in Sources */ = {isa = PBXBuildFile; fileRef = 1099759324B4A1D2009965E4 /* ToDoCell.swift */; };
		10DF95BB24B7450B0001CF11 /* Todo.swift in Sources */ = {isa = PBXBuildFile; fileRef = 10DF95BA24B7450B0001CF11 /* Todo.swift */; };
		10DF95BD24B7457F0001CF11 /* apiError.swift in Sources */ = {isa = PBXBuildFile; fileRef = 10DF95BC24B7457F0001CF11 /* apiError.swift */; };
		10DF95C024B747FD0001CF11 /* NetworkService.swift in Sources */ = {isa = PBXBuildFile; fileRef = 10DF95BF24B747FD0001CF11 /* NetworkService.swift */; };
		10E94B9024B4998C00CCC220 /* AppDelegate.swift in Sources */ = {isa = PBXBuildFile; fileRef = 10E94B8F24B4998C00CCC220 /* AppDelegate.swift */; };
		10E94B9224B4998C00CCC220 /* SceneDelegate.swift in Sources */ = {isa = PBXBuildFile; fileRef = 10E94B9124B4998C00CCC220 /* SceneDelegate.swift */; };
		10E94B9424B4998C00CCC220 /* TodoVC.swift in Sources */ = {isa = PBXBuildFile; fileRef = 10E94B9324B4998C00CCC220 /* TodoVC.swift */; };
		10E94B9724B4998C00CCC220 /* Main.storyboard in Resources */ = {isa = PBXBuildFile; fileRef = 10E94B9524B4998C00CCC220 /* Main.storyboard */; };
		10E94B9A24B4998C00CCC220 /* todoProjectNetworking.xcdatamodeld in Sources */ = {isa = PBXBuildFile; fileRef = 10E94B9824B4998C00CCC220 /* todoProjectNetworking.xcdatamodeld */; };
		10E94B9C24B4998F00CCC220 /* Assets.xcassets in Resources */ = {isa = PBXBuildFile; fileRef = 10E94B9B24B4998F00CCC220 /* Assets.xcassets */; };
		10E94B9F24B4998F00CCC220 /* LaunchScreen.storyboard in Resources */ = {isa = PBXBuildFile; fileRef = 10E94B9D24B4998F00CCC220 /* LaunchScreen.storyboard */; };
/* End PBXBuildFile section */

/* Begin PBXFileReference section */
		1099759324B4A1D2009965E4 /* ToDoCell.swift */ = {isa = PBXFileReference; lastKnownFileType = sourcecode.swift; path = ToDoCell.swift; sourceTree = "<group>"; };
		10DF95BA24B7450B0001CF11 /* Todo.swift */ = {isa = PBXFileReference; lastKnownFileType = sourcecode.swift; path = Todo.swift; sourceTree = "<group>"; };
		10DF95BC24B7457F0001CF11 /* apiError.swift */ = {isa = PBXFileReference; lastKnownFileType = sourcecode.swift; path = apiError.swift; sourceTree = "<group>"; };
		10DF95BF24B747FD0001CF11 /* NetworkService.swift */ = {isa = PBXFileReference; lastKnownFileType = sourcecode.swift; path = NetworkService.swift; sourceTree = "<group>"; };
		10E94B8C24B4998C00CCC220 /* todoProjectNetworking.app */ = {isa = PBXFileReference; explicitFileType = wrapper.application; includeInIndex = 0; path = todoProjectNetworking.app; sourceTree = BUILT_PRODUCTS_DIR; };
		10E94B8F24B4998C00CCC220 /* AppDelegate.swift */ = {isa = PBXFileReference; lastKnownFileType = sourcecode.swift; path = AppDelegate.swift; sourceTree = "<group>"; };
		10E94B9124B4998C00CCC220 /* SceneDelegate.swift */ = {isa = PBXFileReference; lastKnownFileType = sourcecode.swift; path = SceneDelegate.swift; sourceTree = "<group>"; };
		10E94B9324B4998C00CCC220 /* TodoVC.swift */ = {isa = PBXFileReference; lastKnownFileType = sourcecode.swift; path = TodoVC.swift; sourceTree = "<group>"; };
		10E94B9624B4998C00CCC220 /* Base */ = {isa = PBXFileReference; lastKnownFileType = file.storyboard; name = Base; path = Base.lproj/Main.storyboard; sourceTree = "<group>"; };
		10E94B9924B4998C00CCC220 /* todoProjectNetworking.xcdatamodel */ = {isa = PBXFileReference; lastKnownFileType = wrapper.xcdatamodel; path = todoProjectNetworking.xcdatamodel; sourceTree = "<group>"; };
		10E94B9B24B4998F00CCC220 /* Assets.xcassets */ = {isa = PBXFileReference; lastKnownFileType = folder.assetcatalog; path = Assets.xcassets; sourceTree = "<group>"; };
		10E94B9E24B4998F00CCC220 /* Base */ = {isa = PBXFileReference; lastKnownFileType = file.storyboard; name = Base; path = Base.lproj/LaunchScreen.storyboard; sourceTree = "<group>"; };
		10E94BA024B4998F00CCC220 /* Info.plist */ = {isa = PBXFileReference; lastKnownFileType = text.plist.xml; path = Info.plist; sourceTree = "<group>"; };
/* End PBXFileReference section */

/* Begin PBXFrameworksBuildPhase section */
		10E94B8924B4998C00CCC220 /* Frameworks */ = {
			isa = PBXFrameworksBuildPhase;
			buildActionMask = 2147483647;
			files = (
			);
			runOnlyForDeploymentPostprocessing = 0;
		};
/* End PBXFrameworksBuildPhase section */

/* Begin PBXGroup section */
		1099759024B4A120009965E4 /* Model */ = {
			isa = PBXGroup;
			children = (
				10DF95BA24B7450B0001CF11 /* Todo.swift */,
				10DF95BC24B7457F0001CF11 /* apiError.swift */,
			);
			path = Model;
			sourceTree = "<group>";
		};
		1099759124B4A12D009965E4 /* View */ = {
			isa = PBXGroup;
			children = (
				1099759324B4A1D2009965E4 /* ToDoCell.swift */,
			);
			path = View;
			sourceTree = "<group>";
		};
		1099759224B4A133009965E4 /* Controller */ = {
			isa = PBXGroup;
			children = (
				10E94B9324B4998C00CCC220 /* TodoVC.swift */,
			);
			path = Controller;
			sourceTree = "<group>";
		};
		10DF95BE24B747E10001CF11 /* Services */ = {
			isa = PBXGroup;
			children = (
				10DF95BF24B747FD0001CF11 /* NetworkService.swift */,
			);
			path = Services;
			sourceTree = "<group>";
		};
		10E94B8324B4998C00CCC220 = {
			isa = PBXGroup;
			children = (
				10E94B8E24B4998C00CCC220 /* todoProjectNetworking */,
				10E94B8D24B4998C00CCC220 /* Products */,
			);
			sourceTree = "<group>";
		};
		10E94B8D24B4998C00CCC220 /* Products */ = {
			isa = PBXGroup;
			children = (
				10E94B8C24B4998C00CCC220 /* todoProjectNetworking.app */,
			);
			name = Products;
			sourceTree = "<group>";
		};
		10E94B8E24B4998C00CCC220 /* todoProjectNetworking */ = {
			isa = PBXGroup;
			children = (
				10DF95BE24B747E10001CF11 /* Services */,
				1099759224B4A133009965E4 /* Controller */,
				1099759124B4A12D009965E4 /* View */,
				1099759024B4A120009965E4 /* Model */,
				10E94B8F24B4998C00CCC220 /* AppDelegate.swift */,
				10E94B9124B4998C00CCC220 /* SceneDelegate.swift */,
				10E94B9524B4998C00CCC220 /* Main.storyboard */,
				10E94B9B24B4998F00CCC220 /* Assets.xcassets */,
				10E94B9D24B4998F00CCC220 /* LaunchScreen.storyboard */,
				10E94BA024B4998F00CCC220 /* Info.plist */,
				10E94B9824B4998C00CCC220 /* todoProjectNetworking.xcdatamodeld */,
			);
			path = todoProjectNetworking;
			sourceTree = "<group>";
		};
/* End PBXGroup section */

/* Begin PBXNativeTarget section */
		10E94B8B24B4998C00CCC220 /* todoProjectNetworking */ = {
			isa = PBXNativeTarget;
			buildConfigurationList = 10E94BA324B4998F00CCC220 /* Build configuration list for PBXNativeTarget "todoProjectNetworking" */;
			buildPhases = (
				10E94B8824B4998C00CCC220 /* Sources */,
				10E94B8924B4998C00CCC220 /* Frameworks */,
				10E94B8A24B4998C00CCC220 /* Resources */,
			);
			buildRules = (
			);
			dependencies = (
			);
			name = todoProjectNetworking;
			productName = todoProjectNetworking;
			productReference = 10E94B8C24B4998C00CCC220 /* todoProjectNetworking.app */;
			productType = "com.apple.product-type.application";
		};
/* End PBXNativeTarget section */

/* Begin PBXProject section */
		10E94B8424B4998C00CCC220 /* Project object */ = {
			isa = PBXProject;
			attributes = {
				LastSwiftUpdateCheck = 1150;
				LastUpgradeCheck = 1150;
				ORGANIZATIONNAME = websavantmedia;
				TargetAttributes = {
					10E94B8B24B4998C00CCC220 = {
						CreatedOnToolsVersion = 11.5;
					};
				};
			};
			buildConfigurationList = 10E94B8724B4998C00CCC220 /* Build configuration list for PBXProject "todoProjectNetworking" */;
			compatibilityVersion = "Xcode 9.3";
			developmentRegion = en;
			hasScannedForEncodings = 0;
			knownRegions = (
				en,
				Base,
			);
			mainGroup = 10E94B8324B4998C00CCC220;
			productRefGroup = 10E94B8D24B4998C00CCC220 /* Products */;
			projectDirPath = "";
			projectRoot = "";
			targets = (
				10E94B8B24B4998C00CCC220 /* todoProjectNetworking */,
			);
		};
/* End PBXProject section */

/* Begin PBXResourcesBuildPhase section */
		10E94B8A24B4998C00CCC220 /* Resources */ = {
			isa = PBXResourcesBuildPhase;
			buildActionMask = 2147483647;
			files = (
				10E94B9F24B4998F00CCC220 /* LaunchScreen.storyboard in Resources */,
				10E94B9C24B4998F00CCC220 /* Assets.xcassets in Resources */,
				10E94B9724B4998C00CCC220 /* Main.storyboard in Resources */,
			);
			runOnlyForDeploymentPostprocessing = 0;
		};
/* End PBXResourcesBuildPhase section */

/* Begin PBXSourcesBuildPhase section */
		10E94B8824B4998C00CCC220 /* Sources */ = {
			isa = PBXSourcesBuildPhase;
			buildActionMask = 2147483647;
			files = (
				10E94B9424B4998C00CCC220 /* TodoVC.swift in Sources */,
				10DF95BD24B7457F0001CF11 /* apiError.swift in Sources */,
				10DF95C024B747FD0001CF11 /* NetworkService.swift in Sources */,
				10DF95BB24B7450B0001CF11 /* Todo.swift in Sources */,
				10E94B9024B4998C00CCC220 /* AppDelegate.swift in Sources */,
				10E94B9224B4998C00CCC220 /* SceneDelegate.swift in Sources */,
				10E94B9A24B4998C00CCC220 /* todoProjectNetworking.xcdatamodeld in Sources */,
				1099759424B4A1D2009965E4 /* ToDoCell.swift in Sources */,
			);
			runOnlyForDeploymentPostprocessing = 0;
		};
/* End PBXSourcesBuildPhase section */

/* Begin PBXVariantGroup section */
		10E94B9524B4998C00CCC220 /* Main.storyboard */ = {
			isa = PBXVariantGroup;
			children = (
				10E94B9624B4998C00CCC220 /* Base */,
			);
			name = Main.storyboard;
			sourceTree = "<group>";
		};
		10E94B9D24B4998F00CCC220 /* LaunchScreen.storyboard */ = {
			isa = PBXVariantGroup;
			children = (
				10E94B9E24B4998F00CCC220 /* Base */,
			);
			name = LaunchScreen.storyboard;
			sourceTree = "<group>";
		};
/* End PBXVariantGroup section */

/* Begin XCBuildConfiguration section */
		10E94BA124B4998F00CCC220 /* Debug */ = {
			isa = XCBuildConfiguration;
			buildSettings = {
				ALWAYS_SEARCH_USER_PATHS = NO;
				CLANG_ANALYZER_NONNULL = YES;
				CLANG_ANALYZER_NUMBER_OBJECT_CONVERSION = YES_AGGRESSIVE;
				CLANG_CXX_LANGUAGE_STANDARD = "gnu++14";
				CLANG_CXX_LIBRARY = "libc++";
				CLANG_ENABLE_MODULES = YES;
				CLANG_ENABLE_OBJC_ARC = YES;
				CLANG_ENABLE_OBJC_WEAK = YES;
				CLANG_WARN_BLOCK_CAPTURE_AUTORELEASING = YES;
				CLANG_WARN_BOOL_CONVERSION = YES;
				CLANG_WARN_COMMA = YES;
				CLANG_WARN_CONSTANT_CONVERSION = YES;
				CLANG_WARN_DEPRECATED_OBJC_IMPLEMENTATIONS = YES;
				CLANG_WARN_DIRECT_OBJC_ISA_USAGE = YES_ERROR;
				CLANG_WARN_DOCUMENTATION_COMMENTS = YES;
				CLANG_WARN_EMPTY_BODY = YES;
				CLANG_WARN_ENUM_CONVERSION = YES;
				CLANG_WARN_INFINITE_RECURSION = YES;
				CLANG_WARN_INT_CONVERSION = YES;
				CLANG_WARN_NON_LITERAL_NULL_CONVERSION = YES;
				CLANG_WARN_OBJC_IMPLICIT_RETAIN_SELF = YES;
				CLANG_WARN_OBJC_LITERAL_CONVERSION = YES;
				CLANG_WARN_OBJC_ROOT_CLASS = YES_ERROR;
				CLANG_WARN_RANGE_LOOP_ANALYSIS = YES;
				CLANG_WARN_STRICT_PROTOTYPES = YES;
				CLANG_WARN_SUSPICIOUS_MOVE = YES;
				CLANG_WARN_UNGUARDED_AVAILABILITY = YES_AGGRESSIVE;
				CLANG_WARN_UNREACHABLE_CODE = YES;
				CLANG_WARN__DUPLICATE_METHOD_MATCH = YES;
				COPY_PHASE_STRIP = NO;
				DEBUG_INFORMATION_FORMAT = dwarf;
				ENABLE_STRICT_OBJC_MSGSEND = YES;
				ENABLE_TESTABILITY = YES;
				GCC_C_LANGUAGE_STANDARD = gnu11;
				GCC_DYNAMIC_NO_PIC = NO;
				GCC_NO_COMMON_BLOCKS = YES;
				GCC_OPTIMIZATION_LEVEL = 0;
				GCC_PREPROCESSOR_DEFINITIONS = (
					"DEBUG=1",
					"$(inherited)",
				);
				GCC_WARN_64_TO_32_BIT_CONVERSION = YES;
				GCC_WARN_ABOUT_RETURN_TYPE = YES_ERROR;
				GCC_WARN_UNDECLARED_SELECTOR = YES;
				GCC_WARN_UNINITIALIZED_AUTOS = YES_AGGRESSIVE;
				GCC_WARN_UNUSED_FUNCTION = YES;
				GCC_WARN_UNUSED_VARIABLE = YES;
				IPHONEOS_DEPLOYMENT_TARGET = 13.5;
				MTL_ENABLE_DEBUG_INFO = INCLUDE_SOURCE;
				MTL_FAST_MATH = YES;
				ONLY_ACTIVE_ARCH = YES;
				SDKROOT = iphoneos;
				SWIFT_ACTIVE_COMPILATION_CONDITIONS = DEBUG;
				SWIFT_OPTIMIZATION_LEVEL = "-Onone";
			};
			name = Debug;
		};
		10E94BA224B4998F00CCC220 /* Release */ = {
			isa = XCBuildConfiguration;
			buildSettings = {
				ALWAYS_SEARCH_USER_PATHS = NO;
				CLANG_ANALYZER_NONNULL = YES;
				CLANG_ANALYZER_NUMBER_OBJECT_CONVERSION = YES_AGGRESSIVE;
				CLANG_CXX_LANGUAGE_STANDARD = "gnu++14";
				CLANG_CXX_LIBRARY = "libc++";
				CLANG_ENABLE_MODULES = YES;
				CLANG_ENABLE_OBJC_ARC = YES;
				CLANG_ENABLE_OBJC_WEAK = YES;
				CLANG_WARN_BLOCK_CAPTURE_AUTORELEASING = YES;
				CLANG_WARN_BOOL_CONVERSION = YES;
				CLANG_WARN_COMMA = YES;
				CLANG_WARN_CONSTANT_CONVERSION = YES;
				CLANG_WARN_DEPRECATED_OBJC_IMPLEMENTATIONS = YES;
				CLANG_WARN_DIRECT_OBJC_ISA_USAGE = YES_ERROR;
				CLANG_WARN_DOCUMENTATION_COMMENTS = YES;
				CLANG_WARN_EMPTY_BODY = YES;
				CLANG_WARN_ENUM_CONVERSION = YES;
				CLANG_WARN_INFINITE_RECURSION = YES;
				CLANG_WARN_INT_CONVERSION = YES;
				CLANG_WARN_NON_LITERAL_NULL_CONVERSION = YES;
				CLANG_WARN_OBJC_IMPLICIT_RETAIN_SELF = YES;
				CLANG_WARN_OBJC_LITERAL_CONVERSION = YES;
				CLANG_WARN_OBJC_ROOT_CLASS = YES_ERROR;
				CLANG_WARN_RANGE_LOOP_ANALYSIS = YES;
				CLANG_WARN_STRICT_PROTOTYPES = YES;
				CLANG_WARN_SUSPICIOUS_MOVE = YES;
				CLANG_WARN_UNGUARDED_AVAILABILITY = YES_AGGRESSIVE;
				CLANG_WARN_UNREACHABLE_CODE = YES;
				CLANG_WARN__DUPLICATE_METHOD_MATCH = YES;
				COPY_PHASE_STRIP = NO;
				DEBUG_INFORMATION_FORMAT = "dwarf-with-dsym";
				ENABLE_NS_ASSERTIONS = NO;
				ENABLE_STRICT_OBJC_MSGSEND = YES;
				GCC_C_LANGUAGE_STANDARD = gnu11;
				GCC_NO_COMMON_BLOCKS = YES;
				GCC_WARN_64_TO_32_BIT_CONVERSION = YES;
				GCC_WARN_ABOUT_RETURN_TYPE = YES_ERROR;
				GCC_WARN_UNDECLARED_SELECTOR = YES;
				GCC_WARN_UNINITIALIZED_AUTOS = YES_AGGRESSIVE;
				GCC_WARN_UNUSED_FUNCTION = YES;
				GCC_WARN_UNUSED_VARIABLE = YES;
				IPHONEOS_DEPLOYMENT_TARGET = 13.5;
				MTL_ENABLE_DEBUG_INFO = NO;
				MTL_FAST_MATH = YES;
				SDKROOT = iphoneos;
				SWIFT_COMPILATION_MODE = wholemodule;
				SWIFT_OPTIMIZATION_LEVEL = "-O";
				VALIDATE_PRODUCT = YES;
			};
			name = Release;
		};
		10E94BA424B4998F00CCC220 /* Debug */ = {
			isa = XCBuildConfiguration;
			buildSettings = {
				ASSETCATALOG_COMPILER_APPICON_NAME = AppIcon;
				CODE_SIGN_STYLE = Automatic;
				DEVELOPMENT_TEAM = SN83872X5M;
				INFOPLIST_FILE = todoProjectNetworking/Info.plist;
				LD_RUNPATH_SEARCH_PATHS = (
					"$(inherited)",
					"@executable_path/Frameworks",
				);
				PRODUCT_BUNDLE_IDENTIFIER = com.websavantmedia.com.todoProjectNetworking;
				PRODUCT_NAME = "$(TARGET_NAME)";
				SWIFT_VERSION = 5.0;
				TARGETED_DEVICE_FAMILY = "1,2";
			};
			name = Debug;
		};
		10E94BA524B4998F00CCC220 /* Release */ = {
			isa = XCBuildConfiguration;
			buildSettings = {
				ASSETCATALOG_COMPILER_APPICON_NAME = AppIcon;
				CODE_SIGN_STYLE = Automatic;
				DEVELOPMENT_TEAM = SN83872X5M;
				INFOPLIST_FILE = todoProjectNetworking/Info.plist;
				LD_RUNPATH_SEARCH_PATHS = (
					"$(inherited)",
					"@executable_path/Frameworks",
				);
				PRODUCT_BUNDLE_IDENTIFIER = com.websavantmedia.com.todoProjectNetworking;
				PRODUCT_NAME = "$(TARGET_NAME)";
				SWIFT_VERSION = 5.0;
				TARGETED_DEVICE_FAMILY = "1,2";
			};
			name = Release;
		};
/* End XCBuildConfiguration section */

/* Begin XCConfigurationList section */
		10E94B8724B4998C00CCC220 /* Build configuration list for PBXProject "todoProjectNetworking" */ = {
			isa = XCConfigurationList;
			buildConfigurations = (
				10E94BA124B4998F00CCC220 /* Debug */,
				10E94BA224B4998F00CCC220 /* Release */,
			);
			defaultConfigurationIsVisible = 0;
			defaultConfigurationName = Release;
		};
		10E94BA324B4998F00CCC220 /* Build configuration list for PBXNativeTarget "todoProjectNetworking" */ = {
			isa = XCConfigurationList;
			buildConfigurations = (
				10E94BA424B4998F00CCC220 /* Debug */,
				10E94BA524B4998F00CCC220 /* Release */,
			);
			defaultConfigurationIsVisible = 0;
			defaultConfigurationName = Release;
		};
/* End XCConfigurationList section */

/* Begin XCVersionGroup section */
		10E94B9824B4998C00CCC220 /* todoProjectNetworking.xcdatamodeld */ = {
			isa = XCVersionGroup;
			children = (
				10E94B9924B4998C00CCC220 /* todoProjectNetworking.xcdatamodel */,
			);
			currentVersion = 10E94B9924B4998C00CCC220 /* todoProjectNetworking.xcdatamodel */;
			path = todoProjectNetworking.xcdatamodeld;
			sourceTree = "<group>";
			versionGroupType = wrapper.xcdatamodel;
		};
/* End XCVersionGroup section */
	};
	rootObject = 10E94B8424B4998C00CCC220 /* Project object */;
}
